
Microsoft Visual Studio Solution File, Format Version 12.00
# Visual Studio Version 17
VisualStudioVersion = 17.12.35707.178
MinimumVisualStudioVersion = 10.0.40219.1
Project("{FAE04EC0-301F-11D3-BF4B-00C04F79EFBC}") = "UserService.API", "UserService.API\UserService.API.csproj", "{55C2CAB8-B8BA-47E8-93BE-A240A9E0D3ED}"
EndProject
Project("{FAE04EC0-301F-11D3-BF4B-00C04F79EFBC}") = "UserService.DAL", "UserService.DAL\UserService.DAL.csproj", "{D89156F7-86EF-484A-80F6-9BDC9FE6EC34}"
EndProject
Project("{FAE04EC0-301F-11D3-BF4B-00C04F79EFBC}") = "UserService.BLL", "UserService.BLL\UserService.BLL.csproj", "{34581853-60B6-47A7-A636-7DDC9F7AAD03}"
EndProject
Project("{E53339B2-1760-4266-BCC7-CA923CBCF16C}") = "docker-compose", "docker-compose.dcproj", "{0326A452-58AD-4983-AB00-FC773A3A2B53}"
EndProject
Project("{FAE04EC0-301F-11D3-BF4B-00C04F79EFBC}") = "UserService.Grpc", "UserService.Grpc\UserService.Grpc.csproj", "{65E20F2A-E402-4FE3-B75D-6F7A844D2F1B}"
EndProject
Project("{2150E333-8FDC-42A3-9474-1A3956D46DE8}") = "Solution Items", "Solution Items", "{B358355B-BC39-408A-9C4B-227337864B6E}"
	ProjectSection(SolutionItems) = preProject
		.env = .env
	EndProjectSection
EndProject
Global
	GlobalSection(SolutionConfigurationPlatforms) = preSolution
		Debug|Any CPU = Debug|Any CPU
		Release|Any CPU = Release|Any CPU
	EndGlobalSection
	GlobalSection(ProjectConfigurationPlatforms) = postSolution
		{55C2CAB8-B8BA-47E8-93BE-A240A9E0D3ED}.Debug|Any CPU.ActiveCfg = Debug|Any CPU
		{55C2CAB8-B8BA-47E8-93BE-A240A9E0D3ED}.Debug|Any CPU.Build.0 = Debug|Any CPU
		{55C2CAB8-B8BA-47E8-93BE-A240A9E0D3ED}.Release|Any CPU.ActiveCfg = Release|Any CPU
		{55C2CAB8-B8BA-47E8-93BE-A240A9E0D3ED}.Release|Any CPU.Build.0 = Release|Any CPU
		{D89156F7-86EF-484A-80F6-9BDC9FE6EC34}.Debug|Any CPU.ActiveCfg = Debug|Any CPU
		{D89156F7-86EF-484A-80F6-9BDC9FE6EC34}.Debug|Any CPU.Build.0 = Debug|Any CPU
		{D89156F7-86EF-484A-80F6-9BDC9FE6EC34}.Release|Any CPU.ActiveCfg = Release|Any CPU
		{D89156F7-86EF-484A-80F6-9BDC9FE6EC34}.Release|Any CPU.Build.0 = Release|Any CPU
		{34581853-60B6-47A7-A636-7DDC9F7AAD03}.Debug|Any CPU.ActiveCfg = Debug|Any CPU
		{34581853-60B6-47A7-A636-7DDC9F7AAD03}.Debug|Any CPU.Build.0 = Debug|Any CPU
		{34581853-60B6-47A7-A636-7DDC9F7AAD03}.Release|Any CPU.ActiveCfg = Release|Any CPU
		{34581853-60B6-47A7-A636-7DDC9F7AAD03}.Release|Any CPU.Build.0 = Release|Any CPU
		{0326A452-58AD-4983-AB00-FC773A3A2B53}.Debug|Any CPU.ActiveCfg = Debug|Any CPU
		{0326A452-58AD-4983-AB00-FC773A3A2B53}.Debug|Any CPU.Build.0 = Debug|Any CPU
		{0326A452-58AD-4983-AB00-FC773A3A2B53}.Release|Any CPU.ActiveCfg = Release|Any CPU
		{0326A452-58AD-4983-AB00-FC773A3A2B53}.Release|Any CPU.Build.0 = Release|Any CPU
		{65E20F2A-E402-4FE3-B75D-6F7A844D2F1B}.Debug|Any CPU.ActiveCfg = Debug|Any CPU
		{65E20F2A-E402-4FE3-B75D-6F7A844D2F1B}.Debug|Any CPU.Build.0 = Debug|Any CPU
		{65E20F2A-E402-4FE3-B75D-6F7A844D2F1B}.Release|Any CPU.ActiveCfg = Release|Any CPU
		{65E20F2A-E402-4FE3-B75D-6F7A844D2F1B}.Release|Any CPU.Build.0 = Release|Any CPU
	EndGlobalSection
	GlobalSection(SolutionProperties) = preSolution
		HideSolutionNode = FALSE
	EndGlobalSection
EndGlobal
