
Microsoft Visual Studio Solution File, Format Version 12.00
# Visual Studio Version 17
VisualStudioVersion = 17.12.35707.178
MinimumVisualStudioVersion = 10.0.40219.1
Project("{2150E333-8FDC-42A3-9474-1A3956D46DE8}") = "APIGateway", "APIGateway", "{E60BC596-37F9-48F4-BDC2-AC83760FE350}"
	ProjectSection(SolutionItems) = preProject
		APIGateway\.env = APIGateway\.env
	EndProjectSection
EndProject
Project("{FAE04EC0-301F-11D3-BF4B-00C04F79EFBC}") = "JwtAuthentication", "APIGateway\JwtAuthentication\JwtAuthentication.csproj", "{E3DF5AF9-52A5-4880-8A8D-E1F7493C0C04}"
EndProject
Project("{2150E333-8FDC-42A3-9474-1A3956D46DE8}") = "Services", "Services", "{DFF15592-C077-4826-876D-4DC2EDA2D1A6}"
EndProject
Project("{2150E333-8FDC-42A3-9474-1A3956D46DE8}") = "UserService", "UserService", "{A0445F5E-278B-4199-BD8C-18C443D89797}"
	ProjectSection(SolutionItems) = preProject
		Services\UserService\.env = Services\UserService\.env
	EndProjectSection
EndProject
Project("{2150E333-8FDC-42A3-9474-1A3956D46DE8}") = "OrderService", "OrderService", "{D305598C-C702-47A2-8ACD-65D44AE6350D}"
	ProjectSection(SolutionItems) = preProject
		Services\OrderService\.env = Services\OrderService\.env
	EndProjectSection
EndProject
Project("{2150E333-8FDC-42A3-9474-1A3956D46DE8}") = "ProductService", "ProductService", "{3C72CE3F-5500-4254-8A6D-84D05A981603}"
	ProjectSection(SolutionItems) = preProject
		Services\ProductService\.env = Services\ProductService\.env
	EndProjectSection
EndProject
Project("{FAE04EC0-301F-11D3-BF4B-00C04F79EFBC}") = "UserService.API", "Services\UserService\UserService.API\UserService.API.csproj", "{6EF2A00F-20FF-4529-A48E-E5B5C0BA0023}"
EndProject
Project("{FAE04EC0-301F-11D3-BF4B-00C04F79EFBC}") = "UserService.BLL", "Services\UserService\UserService.BLL\UserService.BLL.csproj", "{E894A6D4-9AC3-4E31-9521-A3556FCE711D}"
EndProject
Project("{FAE04EC0-301F-11D3-BF4B-00C04F79EFBC}") = "UserService.DAL", "Services\UserService\UserService.DAL\UserService.DAL.csproj", "{1F3122ED-56A4-472E-A10D-727A526ECADE}"
EndProject
Project("{FAE04EC0-301F-11D3-BF4B-00C04F79EFBC}") = "UserService.Grpc", "Services\UserService\UserService.Grpc\UserService.Grpc.csproj", "{54780A4F-9794-440F-A779-DD60BB454EBD}"
EndProject
Project("{E53339B2-1760-4266-BCC7-CA923CBCF16C}") = "docker-compose", "Services\UserService\docker-compose.dcproj", "{0326A452-58AD-4983-AB00-FC773A3A2B53}"
EndProject
Project("{FAE04EC0-301F-11D3-BF4B-00C04F79EFBC}") = "ProductService.API", "Services\ProductService\ProductService.API\ProductService.API.csproj", "{F0919FF3-0F94-4BEC-AA90-F51C69CF8DA5}"
EndProject
Project("{FAE04EC0-301F-11D3-BF4B-00C04F79EFBC}") = "ProductService.Application", "Services\ProductService\ProductService.Application\ProductService.Application.csproj", "{FED34A35-EBE2-4509-AD27-4DF113EB669D}"
EndProject
Project("{FAE04EC0-301F-11D3-BF4B-00C04F79EFBC}") = "ProductService.Domain", "Services\ProductService\ProductService.Domain\ProductService.Domain.csproj", "{250AA5CB-D596-46E6-B149-36336A7274B7}"
EndProject
Project("{FAE04EC0-301F-11D3-BF4B-00C04F79EFBC}") = "ProductService.Grpc", "Services\ProductService\ProductService.Grpc\ProductService.Grpc.csproj", "{5A7549F9-6DDD-408F-AC6F-699B94658D7D}"
EndProject
Project("{FAE04EC0-301F-11D3-BF4B-00C04F79EFBC}") = "ProductService.Infrastructure", "Services\ProductService\ProductService.Infrastructure\ProductService.Infrastructure.csproj", "{BEB105D6-2888-4823-8875-80DEFF1D5CB9}"
EndProject
Project("{E53339B2-1760-4266-BCC7-CA923CBCF16C}") = "docker-compose", "Services\ProductService\docker-compose.dcproj", "{817C0D14-221C-4975-B9B3-D0C373B159CA}"
EndProject
Project("{FAE04EC0-301F-11D3-BF4B-00C04F79EFBC}") = "OrderService.API", "Services\OrderService\OrderService.API\OrderService.API.csproj", "{F27FD81B-842F-47CD-A913-C18429CE5E41}"
EndProject
Project("{FAE04EC0-301F-11D3-BF4B-00C04F79EFBC}") = "OrderService.Application", "Services\OrderService\OrderService.Application\OrderService.Application.csproj", "{338354CC-F816-44B6-98AD-13E8FE5998D1}"
EndProject
Project("{FAE04EC0-301F-11D3-BF4B-00C04F79EFBC}") = "OrderService.Domain", "Services\OrderService\OrderService.Domain\OrderService.Domain.csproj", "{C18EBEB3-1178-4038-8643-82E9294CAB6F}"
EndProject
Project("{FAE04EC0-301F-11D3-BF4B-00C04F79EFBC}") = "OrderService.Infrastructure", "Services\OrderService\OrderService.Infrastructure\OrderService.Infrastructure.csproj", "{F894486F-D1ED-4E51-8BEF-3134FE337222}"
EndProject
Project("{E53339B2-1760-4266-BCC7-CA923CBCF16C}") = "docker-compose", "Services\OrderService\docker-compose.dcproj", "{AD4912C5-F431-47B9-8AA6-B7261DD9A88A}"
EndProject
Project("{2150E333-8FDC-42A3-9474-1A3956D46DE8}") = "Ocelot", "Ocelot", "{6906EB68-6FA1-4BE2-9DA4-8AEC1E48DA08}"
EndProject
Project("{FAE04EC0-301F-11D3-BF4B-00C04F79EFBC}") = "OcelotGateway", "APIGateway\Ocelot\OcelotGateway\OcelotGateway.csproj", "{BD74BB13-5537-46FA-AB26-517FC70A0DB9}"
EndProject
Project("{E53339B2-1760-4266-BCC7-CA923CBCF16C}") = "docker-compose", "APIGateway\docker-compose.dcproj", "{354A132B-702C-4BA1-8516-2FDF311C776E}"
EndProject
Project("{2150E333-8FDC-42A3-9474-1A3956D46DE8}") = "Tests", "Tests", "{2760041A-98DD-4343-9E88-F448BAD397D5}"
EndProject
Project("{FAE04EC0-301F-11D3-BF4B-00C04F79EFBC}") = "OrderService.Tests", "Tests\OrderService.Tests\OrderService.Tests.csproj", "{CAD5C308-6DC6-4631-A45A-E4B51693F42E}"
EndProject
Global
	GlobalSection(SolutionConfigurationPlatforms) = preSolution
		Debug|Any CPU = Debug|Any CPU
		Release|Any CPU = Release|Any CPU
	EndGlobalSection
	GlobalSection(ProjectConfigurationPlatforms) = postSolution
		{E3DF5AF9-52A5-4880-8A8D-E1F7493C0C04}.Debug|Any CPU.ActiveCfg = Debug|Any CPU
		{E3DF5AF9-52A5-4880-8A8D-E1F7493C0C04}.Debug|Any CPU.Build.0 = Debug|Any CPU
		{E3DF5AF9-52A5-4880-8A8D-E1F7493C0C04}.Release|Any CPU.ActiveCfg = Release|Any CPU
		{E3DF5AF9-52A5-4880-8A8D-E1F7493C0C04}.Release|Any CPU.Build.0 = Release|Any CPU
		{6EF2A00F-20FF-4529-A48E-E5B5C0BA0023}.Debug|Any CPU.ActiveCfg = Debug|Any CPU
		{6EF2A00F-20FF-4529-A48E-E5B5C0BA0023}.Debug|Any CPU.Build.0 = Debug|Any CPU
		{6EF2A00F-20FF-4529-A48E-E5B5C0BA0023}.Release|Any CPU.ActiveCfg = Release|Any CPU
		{6EF2A00F-20FF-4529-A48E-E5B5C0BA0023}.Release|Any CPU.Build.0 = Release|Any CPU
		{E894A6D4-9AC3-4E31-9521-A3556FCE711D}.Debug|Any CPU.ActiveCfg = Debug|Any CPU
		{E894A6D4-9AC3-4E31-9521-A3556FCE711D}.Debug|Any CPU.Build.0 = Debug|Any CPU
		{E894A6D4-9AC3-4E31-9521-A3556FCE711D}.Release|Any CPU.ActiveCfg = Release|Any CPU
		{E894A6D4-9AC3-4E31-9521-A3556FCE711D}.Release|Any CPU.Build.0 = Release|Any CPU
		{1F3122ED-56A4-472E-A10D-727A526ECADE}.Debug|Any CPU.ActiveCfg = Debug|Any CPU
		{1F3122ED-56A4-472E-A10D-727A526ECADE}.Debug|Any CPU.Build.0 = Debug|Any CPU
		{1F3122ED-56A4-472E-A10D-727A526ECADE}.Release|Any CPU.ActiveCfg = Release|Any CPU
		{1F3122ED-56A4-472E-A10D-727A526ECADE}.Release|Any CPU.Build.0 = Release|Any CPU
		{54780A4F-9794-440F-A779-DD60BB454EBD}.Debug|Any CPU.ActiveCfg = Debug|Any CPU
		{54780A4F-9794-440F-A779-DD60BB454EBD}.Debug|Any CPU.Build.0 = Debug|Any CPU
		{54780A4F-9794-440F-A779-DD60BB454EBD}.Release|Any CPU.ActiveCfg = Release|Any CPU
		{54780A4F-9794-440F-A779-DD60BB454EBD}.Release|Any CPU.Build.0 = Release|Any CPU
		{0326A452-58AD-4983-AB00-FC773A3A2B53}.Debug|Any CPU.ActiveCfg = Debug|Any CPU
		{0326A452-58AD-4983-AB00-FC773A3A2B53}.Debug|Any CPU.Build.0 = Debug|Any CPU
		{0326A452-58AD-4983-AB00-FC773A3A2B53}.Release|Any CPU.ActiveCfg = Release|Any CPU
		{0326A452-58AD-4983-AB00-FC773A3A2B53}.Release|Any CPU.Build.0 = Release|Any CPU
		{F0919FF3-0F94-4BEC-AA90-F51C69CF8DA5}.Debug|Any CPU.ActiveCfg = Debug|Any CPU
		{F0919FF3-0F94-4BEC-AA90-F51C69CF8DA5}.Debug|Any CPU.Build.0 = Debug|Any CPU
		{F0919FF3-0F94-4BEC-AA90-F51C69CF8DA5}.Release|Any CPU.ActiveCfg = Release|Any CPU
		{F0919FF3-0F94-4BEC-AA90-F51C69CF8DA5}.Release|Any CPU.Build.0 = Release|Any CPU
		{FED34A35-EBE2-4509-AD27-4DF113EB669D}.Debug|Any CPU.ActiveCfg = Debug|Any CPU
		{FED34A35-EBE2-4509-AD27-4DF113EB669D}.Debug|Any CPU.Build.0 = Debug|Any CPU
		{FED34A35-EBE2-4509-AD27-4DF113EB669D}.Release|Any CPU.ActiveCfg = Release|Any CPU
		{FED34A35-EBE2-4509-AD27-4DF113EB669D}.Release|Any CPU.Build.0 = Release|Any CPU
		{250AA5CB-D596-46E6-B149-36336A7274B7}.Debug|Any CPU.ActiveCfg = Debug|Any CPU
		{250AA5CB-D596-46E6-B149-36336A7274B7}.Debug|Any CPU.Build.0 = Debug|Any CPU
		{250AA5CB-D596-46E6-B149-36336A7274B7}.Release|Any CPU.ActiveCfg = Release|Any CPU
		{250AA5CB-D596-46E6-B149-36336A7274B7}.Release|Any CPU.Build.0 = Release|Any CPU
		{5A7549F9-6DDD-408F-AC6F-699B94658D7D}.Debug|Any CPU.ActiveCfg = Debug|Any CPU
		{5A7549F9-6DDD-408F-AC6F-699B94658D7D}.Debug|Any CPU.Build.0 = Debug|Any CPU
		{5A7549F9-6DDD-408F-AC6F-699B94658D7D}.Release|Any CPU.ActiveCfg = Release|Any CPU
		{5A7549F9-6DDD-408F-AC6F-699B94658D7D}.Release|Any CPU.Build.0 = Release|Any CPU
		{BEB105D6-2888-4823-8875-80DEFF1D5CB9}.Debug|Any CPU.ActiveCfg = Debug|Any CPU
		{BEB105D6-2888-4823-8875-80DEFF1D5CB9}.Debug|Any CPU.Build.0 = Debug|Any CPU
		{BEB105D6-2888-4823-8875-80DEFF1D5CB9}.Release|Any CPU.ActiveCfg = Release|Any CPU
		{BEB105D6-2888-4823-8875-80DEFF1D5CB9}.Release|Any CPU.Build.0 = Release|Any CPU
		{817C0D14-221C-4975-B9B3-D0C373B159CA}.Debug|Any CPU.ActiveCfg = Debug|Any CPU
		{817C0D14-221C-4975-B9B3-D0C373B159CA}.Debug|Any CPU.Build.0 = Debug|Any CPU
		{817C0D14-221C-4975-B9B3-D0C373B159CA}.Release|Any CPU.ActiveCfg = Release|Any CPU
		{817C0D14-221C-4975-B9B3-D0C373B159CA}.Release|Any CPU.Build.0 = Release|Any CPU
		{F27FD81B-842F-47CD-A913-C18429CE5E41}.Debug|Any CPU.ActiveCfg = Debug|Any CPU
		{F27FD81B-842F-47CD-A913-C18429CE5E41}.Debug|Any CPU.Build.0 = Debug|Any CPU
		{F27FD81B-842F-47CD-A913-C18429CE5E41}.Release|Any CPU.ActiveCfg = Release|Any CPU
		{F27FD81B-842F-47CD-A913-C18429CE5E41}.Release|Any CPU.Build.0 = Release|Any CPU
		{338354CC-F816-44B6-98AD-13E8FE5998D1}.Debug|Any CPU.ActiveCfg = Debug|Any CPU
		{338354CC-F816-44B6-98AD-13E8FE5998D1}.Debug|Any CPU.Build.0 = Debug|Any CPU
		{338354CC-F816-44B6-98AD-13E8FE5998D1}.Release|Any CPU.ActiveCfg = Release|Any CPU
		{338354CC-F816-44B6-98AD-13E8FE5998D1}.Release|Any CPU.Build.0 = Release|Any CPU
		{C18EBEB3-1178-4038-8643-82E9294CAB6F}.Debug|Any CPU.ActiveCfg = Debug|Any CPU
		{C18EBEB3-1178-4038-8643-82E9294CAB6F}.Debug|Any CPU.Build.0 = Debug|Any CPU
		{C18EBEB3-1178-4038-8643-82E9294CAB6F}.Release|Any CPU.ActiveCfg = Release|Any CPU
		{C18EBEB3-1178-4038-8643-82E9294CAB6F}.Release|Any CPU.Build.0 = Release|Any CPU
		{F894486F-D1ED-4E51-8BEF-3134FE337222}.Debug|Any CPU.ActiveCfg = Debug|Any CPU
		{F894486F-D1ED-4E51-8BEF-3134FE337222}.Debug|Any CPU.Build.0 = Debug|Any CPU
		{F894486F-D1ED-4E51-8BEF-3134FE337222}.Release|Any CPU.ActiveCfg = Release|Any CPU
		{F894486F-D1ED-4E51-8BEF-3134FE337222}.Release|Any CPU.Build.0 = Release|Any CPU
		{AD4912C5-F431-47B9-8AA6-B7261DD9A88A}.Debug|Any CPU.ActiveCfg = Debug|Any CPU
		{AD4912C5-F431-47B9-8AA6-B7261DD9A88A}.Debug|Any CPU.Build.0 = Debug|Any CPU
		{AD4912C5-F431-47B9-8AA6-B7261DD9A88A}.Release|Any CPU.ActiveCfg = Release|Any CPU
		{AD4912C5-F431-47B9-8AA6-B7261DD9A88A}.Release|Any CPU.Build.0 = Release|Any CPU
		{BD74BB13-5537-46FA-AB26-517FC70A0DB9}.Debug|Any CPU.ActiveCfg = Debug|Any CPU
		{BD74BB13-5537-46FA-AB26-517FC70A0DB9}.Debug|Any CPU.Build.0 = Debug|Any CPU
		{BD74BB13-5537-46FA-AB26-517FC70A0DB9}.Release|Any CPU.ActiveCfg = Release|Any CPU
		{BD74BB13-5537-46FA-AB26-517FC70A0DB9}.Release|Any CPU.Build.0 = Release|Any CPU
		{354A132B-702C-4BA1-8516-2FDF311C776E}.Debug|Any CPU.ActiveCfg = Debug|Any CPU
		{354A132B-702C-4BA1-8516-2FDF311C776E}.Debug|Any CPU.Build.0 = Debug|Any CPU
		{354A132B-702C-4BA1-8516-2FDF311C776E}.Release|Any CPU.ActiveCfg = Release|Any CPU
		{354A132B-702C-4BA1-8516-2FDF311C776E}.Release|Any CPU.Build.0 = Release|Any CPU
		{CAD5C308-6DC6-4631-A45A-E4B51693F42E}.Debug|Any CPU.ActiveCfg = Debug|Any CPU
		{CAD5C308-6DC6-4631-A45A-E4B51693F42E}.Debug|Any CPU.Build.0 = Debug|Any CPU
		{CAD5C308-6DC6-4631-A45A-E4B51693F42E}.Release|Any CPU.ActiveCfg = Release|Any CPU
		{CAD5C308-6DC6-4631-A45A-E4B51693F42E}.Release|Any CPU.Build.0 = Release|Any CPU
	EndGlobalSection
	GlobalSection(SolutionProperties) = preSolution
		HideSolutionNode = FALSE
	EndGlobalSection
	GlobalSection(NestedProjects) = preSolution
		{E3DF5AF9-52A5-4880-8A8D-E1F7493C0C04} = {E60BC596-37F9-48F4-BDC2-AC83760FE350}
		{A0445F5E-278B-4199-BD8C-18C443D89797} = {DFF15592-C077-4826-876D-4DC2EDA2D1A6}
		{D305598C-C702-47A2-8ACD-65D44AE6350D} = {DFF15592-C077-4826-876D-4DC2EDA2D1A6}
		{3C72CE3F-5500-4254-8A6D-84D05A981603} = {DFF15592-C077-4826-876D-4DC2EDA2D1A6}
		{6EF2A00F-20FF-4529-A48E-E5B5C0BA0023} = {A0445F5E-278B-4199-BD8C-18C443D89797}
		{E894A6D4-9AC3-4E31-9521-A3556FCE711D} = {A0445F5E-278B-4199-BD8C-18C443D89797}
		{1F3122ED-56A4-472E-A10D-727A526ECADE} = {A0445F5E-278B-4199-BD8C-18C443D89797}
		{54780A4F-9794-440F-A779-DD60BB454EBD} = {A0445F5E-278B-4199-BD8C-18C443D89797}
		{0326A452-58AD-4983-AB00-FC773A3A2B53} = {A0445F5E-278B-4199-BD8C-18C443D89797}
		{F0919FF3-0F94-4BEC-AA90-F51C69CF8DA5} = {3C72CE3F-5500-4254-8A6D-84D05A981603}
		{FED34A35-EBE2-4509-AD27-4DF113EB669D} = {3C72CE3F-5500-4254-8A6D-84D05A981603}
		{250AA5CB-D596-46E6-B149-36336A7274B7} = {3C72CE3F-5500-4254-8A6D-84D05A981603}
		{5A7549F9-6DDD-408F-AC6F-699B94658D7D} = {3C72CE3F-5500-4254-8A6D-84D05A981603}
		{BEB105D6-2888-4823-8875-80DEFF1D5CB9} = {3C72CE3F-5500-4254-8A6D-84D05A981603}
		{817C0D14-221C-4975-B9B3-D0C373B159CA} = {3C72CE3F-5500-4254-8A6D-84D05A981603}
		{F27FD81B-842F-47CD-A913-C18429CE5E41} = {D305598C-C702-47A2-8ACD-65D44AE6350D}
		{338354CC-F816-44B6-98AD-13E8FE5998D1} = {D305598C-C702-47A2-8ACD-65D44AE6350D}
		{C18EBEB3-1178-4038-8643-82E9294CAB6F} = {D305598C-C702-47A2-8ACD-65D44AE6350D}
		{F894486F-D1ED-4E51-8BEF-3134FE337222} = {D305598C-C702-47A2-8ACD-65D44AE6350D}
		{AD4912C5-F431-47B9-8AA6-B7261DD9A88A} = {D305598C-C702-47A2-8ACD-65D44AE6350D}
		{6906EB68-6FA1-4BE2-9DA4-8AEC1E48DA08} = {E60BC596-37F9-48F4-BDC2-AC83760FE350}
		{BD74BB13-5537-46FA-AB26-517FC70A0DB9} = {6906EB68-6FA1-4BE2-9DA4-8AEC1E48DA08}
		{354A132B-702C-4BA1-8516-2FDF311C776E} = {E60BC596-37F9-48F4-BDC2-AC83760FE350}
		{CAD5C308-6DC6-4631-A45A-E4B51693F42E} = {2760041A-98DD-4343-9E88-F448BAD397D5}
	EndGlobalSection
EndGlobal
